
Microsoft Visual Studio Solution File, Format Version 12.00
Project("{FAE04EC0-301F-11D3-BF4B-00C04F79EFBC}") = "electronic", "electronic\electronic.csproj", "{406E10DC-7AA1-4CFF-893A-8111B6B00495}"
EndProject
Global
	GlobalSection(SolutionConfigurationPlatforms) = preSolution
		Debug|Any CPU = Debug|Any CPU
		Release|Any CPU = Release|Any CPU
	EndGlobalSection
	GlobalSection(ProjectConfigurationPlatforms) = postSolution
		{406E10DC-7AA1-4CFF-893A-8111B6B00495}.Debug|Any CPU.ActiveCfg = Debug|Any CPU
		{406E10DC-7AA1-4CFF-893A-8111B6B00495}.Debug|Any CPU.Build.0 = Debug|Any CPU
		{406E10DC-7AA1-4CFF-893A-8111B6B00495}.Release|Any CPU.ActiveCfg = Release|Any CPU
		{406E10DC-7AA1-4CFF-893A-8111B6B00495}.Release|Any CPU.Build.0 = Release|Any CPU
	EndGlobalSection
EndGlobal
